
Microsoft Visual Studio Solution File, Format Version 12.00
# Visual Studio Version 17
VisualStudioVersion = 17.0.32014.148
MinimumVisualStudioVersion = 10.0.40219.1
Project("{FAE04EC0-301F-11D3-BF4B-00C04F79EFBC}") = "TestProject4", "TestProject4.csproj", "{B4EB0B39-879E-44BC-B221-C6BE89D1DEE0}"
EndProject
Global
	GlobalSection(SolutionConfigurationPlatforms) = preSolution
		Debug|Any CPU = Debug|Any CPU
		Release|Any CPU = Release|Any CPU
	EndGlobalSection
	GlobalSection(ProjectConfigurationPlatforms) = postSolution
		{B4EB0B39-879E-44BC-B221-C6BE89D1DEE0}.Debug|Any CPU.ActiveCfg = Debug|Any CPU
		{B4EB0B39-879E-44BC-B221-C6BE89D1DEE0}.Debug|Any CPU.Build.0 = Debug|Any CPU
		{B4EB0B39-879E-44BC-B221-C6BE89D1DEE0}.Release|Any CPU.ActiveCfg = Release|Any CPU
		{B4EB0B39-879E-44BC-B221-C6BE89D1DEE0}.Release|Any CPU.Build.0 = Release|Any CPU
	EndGlobalSection
	GlobalSection(SolutionProperties) = preSolution
		HideSolutionNode = FALSE
	EndGlobalSection
	GlobalSection(ExtensibilityGlobals) = postSolution
		SolutionGuid = {237F9FF9-E807-4BEA-9FD5-2F52B1D04555}
	EndGlobalSection
EndGlobal
